// !$*UTF8*$!
{
	archiveVersion = 1;
	classes = {
	};
	objectVersion = 48;
	objects = {

/* Begin PBXBuildFile section */
		638B9160200AAE89007328C3 /* AppDelegate.swift in Sources */ = {isa = PBXBuildFile; fileRef = 638B915F200AAE89007328C3 /* AppDelegate.swift */; };
		638B9162200AAE89007328C3 /* ViewController.swift in Sources */ = {isa = PBXBuildFile; fileRef = 638B9161200AAE89007328C3 /* ViewController.swift */; };
		638B9165200AAE89007328C3 /* Main.storyboard in Resources */ = {isa = PBXBuildFile; fileRef = 638B9163200AAE89007328C3 /* Main.storyboard */; };
		638B9167200AAE89007328C3 /* Assets.xcassets in Resources */ = {isa = PBXBuildFile; fileRef = 638B9166200AAE89007328C3 /* Assets.xcassets */; };
		638B916A200AAE89007328C3 /* LaunchScreen.storyboard in Resources */ = {isa = PBXBuildFile; fileRef = 638B9168200AAE89007328C3 /* LaunchScreen.storyboard */; };
		638B9175200AAE89007328C3 /* AmberAppTests.swift in Sources */ = {isa = PBXBuildFile; fileRef = 638B9174200AAE89007328C3 /* AmberAppTests.swift */; };
		638B9180200AAE89007328C3 /* AmberAppUITests.swift in Sources */ = {isa = PBXBuildFile; fileRef = 638B917F200AAE89007328C3 /* AmberAppUITests.swift */; };
/* End PBXBuildFile section */

/* Begin PBXContainerItemProxy section */
		638B9171200AAE89007328C3 /* PBXContainerItemProxy */ = {
			isa = PBXContainerItemProxy;
			containerPortal = 638B9154200AAE88007328C3 /* Project object */;
			proxyType = 1;
			remoteGlobalIDString = 638B915B200AAE88007328C3;
			remoteInfo = AmberApp;
		};
		638B917C200AAE89007328C3 /* PBXContainerItemProxy */ = {
			isa = PBXContainerItemProxy;
			containerPortal = 638B9154200AAE88007328C3 /* Project object */;
			proxyType = 1;
			remoteGlobalIDString = 638B915B200AAE88007328C3;
			remoteInfo = AmberApp;
		};
/* End PBXContainerItemProxy section */

/* Begin PBXFileReference section */
		638B915C200AAE89007328C3 /* AmberApp.app */ = {isa = PBXFileReference; explicitFileType = wrapper.application; includeInIndex = 0; path = AmberApp.app; sourceTree = BUILT_PRODUCTS_DIR; };
		638B915F200AAE89007328C3 /* AppDelegate.swift */ = {isa = PBXFileReference; lastKnownFileType = sourcecode.swift; path = AppDelegate.swift; sourceTree = "<group>"; };
		638B9161200AAE89007328C3 /* ViewController.swift */ = {isa = PBXFileReference; lastKnownFileType = sourcecode.swift; path = ViewController.swift; sourceTree = "<group>"; };
		638B9164200AAE89007328C3 /* Base */ = {isa = PBXFileReference; lastKnownFileType = file.storyboard; name = Base; path = Base.lproj/Main.storyboard; sourceTree = "<group>"; };
		638B9166200AAE89007328C3 /* Assets.xcassets */ = {isa = PBXFileReference; lastKnownFileType = folder.assetcatalog; path = Assets.xcassets; sourceTree = "<group>"; };
		638B9169200AAE89007328C3 /* Base */ = {isa = PBXFileReference; lastKnownFileType = file.storyboard; name = Base; path = Base.lproj/LaunchScreen.storyboard; sourceTree = "<group>"; };
		638B916B200AAE89007328C3 /* Info.plist */ = {isa = PBXFileReference; lastKnownFileType = text.plist.xml; path = Info.plist; sourceTree = "<group>"; };
		638B9170200AAE89007328C3 /* AmberAppTests.xctest */ = {isa = PBXFileReference; explicitFileType = wrapper.cfbundle; includeInIndex = 0; path = AmberAppTests.xctest; sourceTree = BUILT_PRODUCTS_DIR; };
		638B9174200AAE89007328C3 /* AmberAppTests.swift */ = {isa = PBXFileReference; lastKnownFileType = sourcecode.swift; path = AmberAppTests.swift; sourceTree = "<group>"; };
		638B9176200AAE89007328C3 /* Info.plist */ = {isa = PBXFileReference; lastKnownFileType = text.plist.xml; path = Info.plist; sourceTree = "<group>"; };
		638B917B200AAE89007328C3 /* AmberAppUITests.xctest */ = {isa = PBXFileReference; explicitFileType = wrapper.cfbundle; includeInIndex = 0; path = AmberAppUITests.xctest; sourceTree = BUILT_PRODUCTS_DIR; };
		638B917F200AAE89007328C3 /* AmberAppUITests.swift */ = {isa = PBXFileReference; lastKnownFileType = sourcecode.swift; path = AmberAppUITests.swift; sourceTree = "<group>"; };
		638B9181200AAE89007328C3 /* Info.plist */ = {isa = PBXFileReference; lastKnownFileType = text.plist.xml; path = Info.plist; sourceTree = "<group>"; };
/* End PBXFileReference section */

/* Begin PBXFrameworksBuildPhase section */
		638B9159200AAE88007328C3 /* Frameworks */ = {
			isa = PBXFrameworksBuildPhase;
			buildActionMask = 2147483647;
			files = (
			);
			runOnlyForDeploymentPostprocessing = 0;
		};
		638B916D200AAE89007328C3 /* Frameworks */ = {
			isa = PBXFrameworksBuildPhase;
			buildActionMask = 2147483647;
			files = (
			);
			runOnlyForDeploymentPostprocessing = 0;
		};
		638B9178200AAE89007328C3 /* Frameworks */ = {
			isa = PBXFrameworksBuildPhase;
			buildActionMask = 2147483647;
			files = (
			);
			runOnlyForDeploymentPostprocessing = 0;
		};
/* End PBXFrameworksBuildPhase section */

/* Begin PBXGroup section */
		638B9153200AAE88007328C3 = {
			isa = PBXGroup;
			children = (
				638B915E200AAE89007328C3 /* AmberApp */,
				638B9173200AAE89007328C3 /* AmberAppTests */,
				638B917E200AAE89007328C3 /* AmberAppUITests */,
				638B915D200AAE89007328C3 /* Products */,
			);
			sourceTree = "<group>";
		};
		638B915D200AAE89007328C3 /* Products */ = {
			isa = PBXGroup;
			children = (
				638B915C200AAE89007328C3 /* AmberApp.app */,
				638B9170200AAE89007328C3 /* AmberAppTests.xctest */,
				638B917B200AAE89007328C3 /* AmberAppUITests.xctest */,
			);
			name = Products;
			sourceTree = "<group>";
		};
		638B915E200AAE89007328C3 /* AmberApp */ = {
			isa = PBXGroup;
			children = (
				638B915F200AAE89007328C3 /* AppDelegate.swift */,
				638B9161200AAE89007328C3 /* ViewController.swift */,
				638B9163200AAE89007328C3 /* Main.storyboard */,
				638B9166200AAE89007328C3 /* Assets.xcassets */,
				638B9168200AAE89007328C3 /* LaunchScreen.storyboard */,
				638B916B200AAE89007328C3 /* Info.plist */,
			);
			path = AmberApp;
			sourceTree = "<group>";
		};
		638B9173200AAE89007328C3 /* AmberAppTests */ = {
			isa = PBXGroup;
			children = (
				638B9174200AAE89007328C3 /* AmberAppTests.swift */,
				638B9176200AAE89007328C3 /* Info.plist */,
			);
			path = AmberAppTests;
			sourceTree = "<group>";
		};
		638B917E200AAE89007328C3 /* AmberAppUITests */ = {
			isa = PBXGroup;
			children = (
				638B917F200AAE89007328C3 /* AmberAppUITests.swift */,
				638B9181200AAE89007328C3 /* Info.plist */,
			);
			path = AmberAppUITests;
			sourceTree = "<group>";
		};
/* End PBXGroup section */

/* Begin PBXNativeTarget section */
		638B915B200AAE88007328C3 /* AmberApp */ = {
			isa = PBXNativeTarget;
			buildConfigurationList = 638B9184200AAE89007328C3 /* Build configuration list for PBXNativeTarget "AmberApp" */;
			buildPhases = (
				638B9158200AAE88007328C3 /* Sources */,
				638B9159200AAE88007328C3 /* Frameworks */,
				638B915A200AAE88007328C3 /* Resources */,
			);
			buildRules = (
			);
			dependencies = (
			);
			name = AmberApp;
			productName = AmberApp;
			productReference = 638B915C200AAE89007328C3 /* AmberApp.app */;
			productType = "com.apple.product-type.application";
		};
		638B916F200AAE89007328C3 /* AmberAppTests */ = {
			isa = PBXNativeTarget;
			buildConfigurationList = 638B9187200AAE89007328C3 /* Build configuration list for PBXNativeTarget "AmberAppTests" */;
			buildPhases = (
				638B916C200AAE89007328C3 /* Sources */,
				638B916D200AAE89007328C3 /* Frameworks */,
				638B916E200AAE89007328C3 /* Resources */,
			);
			buildRules = (
			);
			dependencies = (
				638B9172200AAE89007328C3 /* PBXTargetDependency */,
			);
			name = AmberAppTests;
			productName = AmberAppTests;
			productReference = 638B9170200AAE89007328C3 /* AmberAppTests.xctest */;
			productType = "com.apple.product-type.bundle.unit-test";
		};
		638B917A200AAE89007328C3 /* AmberAppUITests */ = {
			isa = PBXNativeTarget;
			buildConfigurationList = 638B918A200AAE89007328C3 /* Build configuration list for PBXNativeTarget "AmberAppUITests" */;
			buildPhases = (
				638B9177200AAE89007328C3 /* Sources */,
				638B9178200AAE89007328C3 /* Frameworks */,
				638B9179200AAE89007328C3 /* Resources */,
			);
			buildRules = (
			);
			dependencies = (
				638B917D200AAE89007328C3 /* PBXTargetDependency */,
			);
			name = AmberAppUITests;
			productName = AmberAppUITests;
			productReference = 638B917B200AAE89007328C3 /* AmberAppUITests.xctest */;
			productType = "com.apple.product-type.bundle.ui-testing";
		};
/* End PBXNativeTarget section */

/* Begin PBXProject section */
		638B9154200AAE88007328C3 /* Project object */ = {
			isa = PBXProject;
			attributes = {
				LastSwiftUpdateCheck = 0920;
				LastUpgradeCheck = 0920;
				ORGANIZATIONNAME = "QL+";
				TargetAttributes = {
					638B915B200AAE88007328C3 = {
						CreatedOnToolsVersion = 9.2;
						ProvisioningStyle = Automatic;
					};
					638B916F200AAE89007328C3 = {
						CreatedOnToolsVersion = 9.2;
						ProvisioningStyle = Automatic;
						TestTargetID = 638B915B200AAE88007328C3;
					};
					638B917A200AAE89007328C3 = {
						CreatedOnToolsVersion = 9.2;
						ProvisioningStyle = Automatic;
						TestTargetID = 638B915B200AAE88007328C3;
					};
				};
			};
			buildConfigurationList = 638B9157200AAE88007328C3 /* Build configuration list for PBXProject "AmberApp" */;
			compatibilityVersion = "Xcode 8.0";
			developmentRegion = en;
			hasScannedForEncodings = 0;
			knownRegions = (
				en,
				Base,
			);
			mainGroup = 638B9153200AAE88007328C3;
			productRefGroup = 638B915D200AAE89007328C3 /* Products */;
			projectDirPath = "";
			projectRoot = "";
			targets = (
				638B915B200AAE88007328C3 /* AmberApp */,
				638B916F200AAE89007328C3 /* AmberAppTests */,
				638B917A200AAE89007328C3 /* AmberAppUITests */,
			);
		};
/* End PBXProject section */

/* Begin PBXResourcesBuildPhase section */
		638B915A200AAE88007328C3 /* Resources */ = {
			isa = PBXResourcesBuildPhase;
			buildActionMask = 2147483647;
			files = (
				638B916A200AAE89007328C3 /* LaunchScreen.storyboard in Resources */,
				638B9167200AAE89007328C3 /* Assets.xcassets in Resources */,
				638B9165200AAE89007328C3 /* Main.storyboard in Resources */,
			);
			runOnlyForDeploymentPostprocessing = 0;
		};
		638B916E200AAE89007328C3 /* Resources */ = {
			isa = PBXResourcesBuildPhase;
			buildActionMask = 2147483647;
			files = (
			);
			runOnlyForDeploymentPostprocessing = 0;
		};
		638B9179200AAE89007328C3 /* Resources */ = {
			isa = PBXResourcesBuildPhase;
			buildActionMask = 2147483647;
			files = (
			);
			runOnlyForDeploymentPostprocessing = 0;
		};
/* End PBXResourcesBuildPhase section */

/* Begin PBXSourcesBuildPhase section */
		638B9158200AAE88007328C3 /* Sources */ = {
			isa = PBXSourcesBuildPhase;
			buildActionMask = 2147483647;
			files = (
				638B9162200AAE89007328C3 /* ViewController.swift in Sources */,
				638B9160200AAE89007328C3 /* AppDelegate.swift in Sources */,
			);
			runOnlyForDeploymentPostprocessing = 0;
		};
		638B916C200AAE89007328C3 /* Sources */ = {
			isa = PBXSourcesBuildPhase;
			buildActionMask = 2147483647;
			files = (
				638B9175200AAE89007328C3 /* AmberAppTests.swift in Sources */,
			);
			runOnlyForDeploymentPostprocessing = 0;
		};
		638B9177200AAE89007328C3 /* Sources */ = {
			isa = PBXSourcesBuildPhase;
			buildActionMask = 2147483647;
			files = (
				638B9180200AAE89007328C3 /* AmberAppUITests.swift in Sources */,
			);
			runOnlyForDeploymentPostprocessing = 0;
		};
/* End PBXSourcesBuildPhase section */

/* Begin PBXTargetDependency section */
		638B9172200AAE89007328C3 /* PBXTargetDependency */ = {
			isa = PBXTargetDependency;
			target = 638B915B200AAE88007328C3 /* AmberApp */;
			targetProxy = 638B9171200AAE89007328C3 /* PBXContainerItemProxy */;
		};
		638B917D200AAE89007328C3 /* PBXTargetDependency */ = {
			isa = PBXTargetDependency;
			target = 638B915B200AAE88007328C3 /* AmberApp */;
			targetProxy = 638B917C200AAE89007328C3 /* PBXContainerItemProxy */;
		};
/* End PBXTargetDependency section */

/* Begin PBXVariantGroup section */
		638B9163200AAE89007328C3 /* Main.storyboard */ = {
			isa = PBXVariantGroup;
			children = (
				638B9164200AAE89007328C3 /* Base */,
			);
			name = Main.storyboard;
			sourceTree = "<group>";
		};
		638B9168200AAE89007328C3 /* LaunchScreen.storyboard */ = {
			isa = PBXVariantGroup;
			children = (
				638B9169200AAE89007328C3 /* Base */,
			);
			name = LaunchScreen.storyboard;
			sourceTree = "<group>";
		};
/* End PBXVariantGroup section */

/* Begin XCBuildConfiguration section */
		638B9182200AAE89007328C3 /* Debug */ = {
			isa = XCBuildConfiguration;
			buildSettings = {
				ALWAYS_SEARCH_USER_PATHS = NO;
				CLANG_ANALYZER_NONNULL = YES;
				CLANG_ANALYZER_NUMBER_OBJECT_CONVERSION = YES_AGGRESSIVE;
				CLANG_CXX_LANGUAGE_STANDARD = "gnu++14";
				CLANG_CXX_LIBRARY = "libc++";
				CLANG_ENABLE_MODULES = YES;
				CLANG_ENABLE_OBJC_ARC = YES;
				CLANG_WARN_BLOCK_CAPTURE_AUTORELEASING = YES;
				CLANG_WARN_BOOL_CONVERSION = YES;
				CLANG_WARN_COMMA = YES;
				CLANG_WARN_CONSTANT_CONVERSION = YES;
				CLANG_WARN_DIRECT_OBJC_ISA_USAGE = YES_ERROR;
				CLANG_WARN_DOCUMENTATION_COMMENTS = YES;
				CLANG_WARN_EMPTY_BODY = YES;
				CLANG_WARN_ENUM_CONVERSION = YES;
				CLANG_WARN_INFINITE_RECURSION = YES;
				CLANG_WARN_INT_CONVERSION = YES;
				CLANG_WARN_NON_LITERAL_NULL_CONVERSION = YES;
				CLANG_WARN_OBJC_LITERAL_CONVERSION = YES;
				CLANG_WARN_OBJC_ROOT_CLASS = YES_ERROR;
				CLANG_WARN_RANGE_LOOP_ANALYSIS = YES;
				CLANG_WARN_STRICT_PROTOTYPES = YES;
				CLANG_WARN_SUSPICIOUS_MOVE = YES;
				CLANG_WARN_UNGUARDED_AVAILABILITY = YES_AGGRESSIVE;
				CLANG_WARN_UNREACHABLE_CODE = YES;
				CLANG_WARN__DUPLICATE_METHOD_MATCH = YES;
				CODE_SIGN_IDENTITY = "iPhone Developer";
				COPY_PHASE_STRIP = NO;
				DEBUG_INFORMATION_FORMAT = dwarf;
				ENABLE_STRICT_OBJC_MSGSEND = YES;
				ENABLE_TESTABILITY = YES;
				GCC_C_LANGUAGE_STANDARD = gnu11;
				GCC_DYNAMIC_NO_PIC = NO;
				GCC_NO_COMMON_BLOCKS = YES;
				GCC_OPTIMIZATION_LEVEL = 0;
				GCC_PREPROCESSOR_DEFINITIONS = (
					"DEBUG=1",
					"$(inherited)",
				);
				GCC_WARN_64_TO_32_BIT_CONVERSION = YES;
				GCC_WARN_ABOUT_RETURN_TYPE = YES_ERROR;
				GCC_WARN_UNDECLARED_SELECTOR = YES;
				GCC_WARN_UNINITIALIZED_AUTOS = YES_AGGRESSIVE;
				GCC_WARN_UNUSED_FUNCTION = YES;
				GCC_WARN_UNUSED_VARIABLE = YES;
				IPHONEOS_DEPLOYMENT_TARGET = 11.2;
				MTL_ENABLE_DEBUG_INFO = YES;
				ONLY_ACTIVE_ARCH = YES;
				SDKROOT = iphoneos;
				SWIFT_ACTIVE_COMPILATION_CONDITIONS = DEBUG;
				SWIFT_OPTIMIZATION_LEVEL = "-Onone";
			};
			name = Debug;
		};
		638B9183200AAE89007328C3 /* Release */ = {
			isa = XCBuildConfiguration;
			buildSettings = {
				ALWAYS_SEARCH_USER_PATHS = NO;
				CLANG_ANALYZER_NONNULL = YES;
				CLANG_ANALYZER_NUMBER_OBJECT_CONVERSION = YES_AGGRESSIVE;
				CLANG_CXX_LANGUAGE_STANDARD = "gnu++14";
				CLANG_CXX_LIBRARY = "libc++";
				CLANG_ENABLE_MODULES = YES;
				CLANG_ENABLE_OBJC_ARC = YES;
				CLANG_WARN_BLOCK_CAPTURE_AUTORELEASING = YES;
				CLANG_WARN_BOOL_CONVERSION = YES;
				CLANG_WARN_COMMA = YES;
				CLANG_WARN_CONSTANT_CONVERSION = YES;
				CLANG_WARN_DIRECT_OBJC_ISA_USAGE = YES_ERROR;
				CLANG_WARN_DOCUMENTATION_COMMENTS = YES;
				CLANG_WARN_EMPTY_BODY = YES;
				CLANG_WARN_ENUM_CONVERSION = YES;
				CLANG_WARN_INFINITE_RECURSION = YES;
				CLANG_WARN_INT_CONVERSION = YES;
				CLANG_WARN_NON_LITERAL_NULL_CONVERSION = YES;
				CLANG_WARN_OBJC_LITERAL_CONVERSION = YES;
				CLANG_WARN_OBJC_ROOT_CLASS = YES_ERROR;
				CLANG_WARN_RANGE_LOOP_ANALYSIS = YES;
				CLANG_WARN_STRICT_PROTOTYPES = YES;
				CLANG_WARN_SUSPICIOUS_MOVE = YES;
				CLANG_WARN_UNGUARDED_AVAILABILITY = YES_AGGRESSIVE;
				CLANG_WARN_UNREACHABLE_CODE = YES;
				CLANG_WARN__DUPLICATE_METHOD_MATCH = YES;
				CODE_SIGN_IDENTITY = "iPhone Developer";
				COPY_PHASE_STRIP = NO;
				DEBUG_INFORMATION_FORMAT = "dwarf-with-dsym";
				ENABLE_NS_ASSERTIONS = NO;
				ENABLE_STRICT_OBJC_MSGSEND = YES;
				GCC_C_LANGUAGE_STANDARD = gnu11;
				GCC_NO_COMMON_BLOCKS = YES;
				GCC_WARN_64_TO_32_BIT_CONVERSION = YES;
				GCC_WARN_ABOUT_RETURN_TYPE = YES_ERROR;
				GCC_WARN_UNDECLARED_SELECTOR = YES;
				GCC_WARN_UNINITIALIZED_AUTOS = YES_AGGRESSIVE;
				GCC_WARN_UNUSED_FUNCTION = YES;
				GCC_WARN_UNUSED_VARIABLE = YES;
				IPHONEOS_DEPLOYMENT_TARGET = 11.2;
				MTL_ENABLE_DEBUG_INFO = NO;
				SDKROOT = iphoneos;
				SWIFT_OPTIMIZATION_LEVEL = "-Owholemodule";
				VALIDATE_PRODUCT = YES;
			};
			name = Release;
		};
		638B9185200AAE89007328C3 /* Debug */ = {
			isa = XCBuildConfiguration;
			buildSettings = {
				ASSETCATALOG_COMPILER_APPICON_NAME = AppIcon;
				CODE_SIGN_STYLE = Automatic;
				INFOPLIST_FILE = AmberApp/Info.plist;
				LD_RUNPATH_SEARCH_PATHS = "$(inherited) @executable_path/Frameworks";
				PRODUCT_BUNDLE_IDENTIFIER = com.exmaple.AmberApp;
				PRODUCT_NAME = "$(TARGET_NAME)";
				SWIFT_VERSION = 4.0;
				TARGETED_DEVICE_FAMILY = "1,2";
			};
			name = Debug;
		};
		638B9186200AAE89007328C3 /* Release */ = {
			isa = XCBuildConfiguration;
			buildSettings = {
				ASSETCATALOG_COMPILER_APPICON_NAME = AppIcon;
				CODE_SIGN_STYLE = Automatic;
				INFOPLIST_FILE = AmberApp/Info.plist;
				LD_RUNPATH_SEARCH_PATHS = "$(inherited) @executable_path/Frameworks";
				PRODUCT_BUNDLE_IDENTIFIER = com.exmaple.AmberApp;
				PRODUCT_NAME = "$(TARGET_NAME)";
				SWIFT_VERSION = 4.0;
				TARGETED_DEVICE_FAMILY = "1,2";
			};
			name = Release;
		};
		638B9188200AAE89007328C3 /* Debug */ = {
			isa = XCBuildConfiguration;
			buildSettings = {
				ALWAYS_EMBED_SWIFT_STANDARD_LIBRARIES = YES;
				BUNDLE_LOADER = "$(TEST_HOST)";
				CODE_SIGN_STYLE = Automatic;
				INFOPLIST_FILE = AmberAppTests/Info.plist;
				LD_RUNPATH_SEARCH_PATHS = "$(inherited) @executable_path/Frameworks @loader_path/Frameworks";
				PRODUCT_BUNDLE_IDENTIFIER = com.exmaple.AmberAppTests;
				PRODUCT_NAME = "$(TARGET_NAME)";
				SWIFT_VERSION = 4.0;
				TARGETED_DEVICE_FAMILY = "1,2";
				TEST_HOST = "$(BUILT_PRODUCTS_DIR)/AmberApp.app/AmberApp";
			};
			name = Debug;
		};
		638B9189200AAE89007328C3 /* Release */ = {
			isa = XCBuildConfiguration;
			buildSettings = {
				ALWAYS_EMBED_SWIFT_STANDARD_LIBRARIES = YES;
				BUNDLE_LOADER = "$(TEST_HOST)";
				CODE_SIGN_STYLE = Automatic;
				INFOPLIST_FILE = AmberAppTests/Info.plist;
				LD_RUNPATH_SEARCH_PATHS = "$(inherited) @executable_path/Frameworks @loader_path/Frameworks";
				PRODUCT_BUNDLE_IDENTIFIER = com.exmaple.AmberAppTests;
				PRODUCT_NAME = "$(TARGET_NAME)";
				SWIFT_VERSION = 4.0;
				TARGETED_DEVICE_FAMILY = "1,2";
				TEST_HOST = "$(BUILT_PRODUCTS_DIR)/AmberApp.app/AmberApp";
			};
			name = Release;
		};
		638B918B200AAE89007328C3 /* Debug */ = {
			isa = XCBuildConfiguration;
			buildSettings = {
				ALWAYS_EMBED_SWIFT_STANDARD_LIBRARIES = YES;
				CODE_SIGN_STYLE = Automatic;
				INFOPLIST_FILE = AmberAppUITests/Info.plist;
				LD_RUNPATH_SEARCH_PATHS = "$(inherited) @executable_path/Frameworks @loader_path/Frameworks";
				PRODUCT_BUNDLE_IDENTIFIER = com.exmaple.AmberAppUITests;
				PRODUCT_NAME = "$(TARGET_NAME)";
				SWIFT_VERSION = 4.0;
				TARGETED_DEVICE_FAMILY = "1,2";
				TEST_TARGET_NAME = AmberApp;
			};
			name = Debug;
		};
		638B918C200AAE89007328C3 /* Release */ = {
			isa = XCBuildConfiguration;
			buildSettings = {
				ALWAYS_EMBED_SWIFT_STANDARD_LIBRARIES = YES;
				CODE_SIGN_STYLE = Automatic;
				INFOPLIST_FILE = AmberAppUITests/Info.plist;
				LD_RUNPATH_SEARCH_PATHS = "$(inherited) @executable_path/Frameworks @loader_path/Frameworks";
				PRODUCT_BUNDLE_IDENTIFIER = com.exmaple.AmberAppUITests;
				PRODUCT_NAME = "$(TARGET_NAME)";
				SWIFT_VERSION = 4.0;
				TARGETED_DEVICE_FAMILY = "1,2";
				TEST_TARGET_NAME = AmberApp;
			};
			name = Release;
		};
/* End XCBuildConfiguration section */

/* Begin XCConfigurationList section */
		638B9157200AAE88007328C3 /* Build configuration list for PBXProject "AmberApp" */ = {
			isa = XCConfigurationList;
			buildConfigurations = (
				638B9182200AAE89007328C3 /* Debug */,
				638B9183200AAE89007328C3 /* Release */,
			);
			defaultConfigurationIsVisible = 0;
			defaultConfigurationName = Release;
		};
		638B9184200AAE89007328C3 /* Build configuration list for PBXNativeTarget "AmberApp" */ = {
			isa = XCConfigurationList;
			buildConfigurations = (
				638B9185200AAE89007328C3 /* Debug */,
				638B9186200AAE89007328C3 /* Release */,
			);
			defaultConfigurationIsVisible = 0;
			defaultConfigurationName = Release;
		};
		638B9187200AAE89007328C3 /* Build configuration list for PBXNativeTarget "AmberAppTests" */ = {
			isa = XCConfigurationList;
			buildConfigurations = (
				638B9188200AAE89007328C3 /* Debug */,
				638B9189200AAE89007328C3 /* Release */,
			);
			defaultConfigurationIsVisible = 0;
			defaultConfigurationName = Release;
		};
		638B918A200AAE89007328C3 /* Build configuration list for PBXNativeTarget "AmberAppUITests" */ = {
			isa = XCConfigurationList;
			buildConfigurations = (
				638B918B200AAE89007328C3 /* Debug */,
				638B918C200AAE89007328C3 /* Release */,
			);
			defaultConfigurationIsVisible = 0;
			defaultConfigurationName = Release;
		};
/* End XCConfigurationList section */
	};
	rootObject = 638B9154200AAE88007328C3 /* Project object */;
}
